// !$*UTF8*$!
{
	archiveVersion = 1;
	classes = {
	};
	objectVersion = 50;
	objects = {

/* Begin PBXBuildFile section */
		7D56BF39238159F8009D44DE /* AppDelegate.swift in Sources */ = {isa = PBXBuildFile; fileRef = 7D56BF38238159F8009D44DE /* AppDelegate.swift */; };
		7D56BF3B238159F8009D44DE /* SceneDelegate.swift in Sources */ = {isa = PBXBuildFile; fileRef = 7D56BF3A238159F8009D44DE /* SceneDelegate.swift */; };
		7D56BF3D238159F8009D44DE /* ViewController.swift in Sources */ = {isa = PBXBuildFile; fileRef = 7D56BF3C238159F8009D44DE /* ViewController.swift */; };
		7D56BF40238159F8009D44DE /* Main.storyboard in Resources */ = {isa = PBXBuildFile; fileRef = 7D56BF3E238159F8009D44DE /* Main.storyboard */; };
		7D56BF43238159F8009D44DE /* StaggeredGrid.xcdatamodeld in Sources */ = {isa = PBXBuildFile; fileRef = 7D56BF41238159F8009D44DE /* StaggeredGrid.xcdatamodeld */; };
		7D56BF45238159FE009D44DE /* Assets.xcassets in Resources */ = {isa = PBXBuildFile; fileRef = 7D56BF44238159FE009D44DE /* Assets.xcassets */; };
		7D56BF48238159FE009D44DE /* LaunchScreen.storyboard in Resources */ = {isa = PBXBuildFile; fileRef = 7D56BF46238159FE009D44DE /* LaunchScreen.storyboard */; };
		7D56BF5223815B8B009D44DE /* StaggeredGridLayout.swift in Sources */ = {isa = PBXBuildFile; fileRef = 7D56BF5123815B8B009D44DE /* StaggeredGridLayout.swift */; };
		7D7D11FC238289D600756E2F /* StaggeredGridCell.swift in Sources */ = {isa = PBXBuildFile; fileRef = 7D7D11FB238289D600756E2F /* StaggeredGridCell.swift */; };
/* End PBXBuildFile section */

/* Begin PBXFileReference section */
		7D56BF35238159F8009D44DE /* StaggeredGrid.app */ = {isa = PBXFileReference; explicitFileType = wrapper.application; includeInIndex = 0; path = StaggeredGrid.app; sourceTree = BUILT_PRODUCTS_DIR; };
		7D56BF38238159F8009D44DE /* AppDelegate.swift */ = {isa = PBXFileReference; lastKnownFileType = sourcecode.swift; path = AppDelegate.swift; sourceTree = "<group>"; };
		7D56BF3A238159F8009D44DE /* SceneDelegate.swift */ = {isa = PBXFileReference; lastKnownFileType = sourcecode.swift; path = SceneDelegate.swift; sourceTree = "<group>"; };
		7D56BF3C238159F8009D44DE /* ViewController.swift */ = {isa = PBXFileReference; lastKnownFileType = sourcecode.swift; path = ViewController.swift; sourceTree = "<group>"; };
		7D56BF3F238159F8009D44DE /* Base */ = {isa = PBXFileReference; lastKnownFileType = file.storyboard; name = Base; path = Base.lproj/Main.storyboard; sourceTree = "<group>"; };
		7D56BF42238159F8009D44DE /* StaggeredGrid.xcdatamodel */ = {isa = PBXFileReference; lastKnownFileType = wrapper.xcdatamodel; path = StaggeredGrid.xcdatamodel; sourceTree = "<group>"; };
		7D56BF44238159FE009D44DE /* Assets.xcassets */ = {isa = PBXFileReference; lastKnownFileType = folder.assetcatalog; path = Assets.xcassets; sourceTree = "<group>"; };
		7D56BF47238159FE009D44DE /* Base */ = {isa = PBXFileReference; lastKnownFileType = file.storyboard; name = Base; path = Base.lproj/LaunchScreen.storyboard; sourceTree = "<group>"; };
		7D56BF49238159FE009D44DE /* Info.plist */ = {isa = PBXFileReference; lastKnownFileType = text.plist.xml; path = Info.plist; sourceTree = "<group>"; };
		7D56BF5123815B8B009D44DE /* StaggeredGridLayout.swift */ = {isa = PBXFileReference; lastKnownFileType = sourcecode.swift; path = StaggeredGridLayout.swift; sourceTree = "<group>"; };
		7D7D11FB238289D600756E2F /* StaggeredGridCell.swift */ = {isa = PBXFileReference; lastKnownFileType = sourcecode.swift; path = StaggeredGridCell.swift; sourceTree = "<group>"; };
/* End PBXFileReference section */

/* Begin PBXFrameworksBuildPhase section */
		7D56BF32238159F8009D44DE /* Frameworks */ = {
			isa = PBXFrameworksBuildPhase;
			buildActionMask = 2147483647;
			files = (
			);
			runOnlyForDeploymentPostprocessing = 0;
		};
/* End PBXFrameworksBuildPhase section */

/* Begin PBXGroup section */
		7D56BF2C238159F8009D44DE = {
			isa = PBXGroup;
			children = (
				7D56BF37238159F8009D44DE /* StaggeredGrid */,
				7D56BF36238159F8009D44DE /* Products */,
			);
			sourceTree = "<group>";
		};
		7D56BF36238159F8009D44DE /* Products */ = {
			isa = PBXGroup;
			children = (
				7D56BF35238159F8009D44DE /* StaggeredGrid.app */,
			);
			name = Products;
			sourceTree = "<group>";
		};
		7D56BF37238159F8009D44DE /* StaggeredGrid */ = {
			isa = PBXGroup;
			children = (
				7D56BF5123815B8B009D44DE /* StaggeredGridLayout.swift */,
				7D56BF3C238159F8009D44DE /* ViewController.swift */,
				7D56BF5023815B55009D44DE /* Layouts */,
				7D56BF4F23815A64009D44DE /* Controllers */,
				7D56BF38238159F8009D44DE /* AppDelegate.swift */,
				7D56BF3A238159F8009D44DE /* SceneDelegate.swift */,
				7D56BF3E238159F8009D44DE /* Main.storyboard */,
				7D56BF44238159FE009D44DE /* Assets.xcassets */,
				7D56BF46238159FE009D44DE /* LaunchScreen.storyboard */,
				7D56BF49238159FE009D44DE /* Info.plist */,
				7D56BF41238159F8009D44DE /* StaggeredGrid.xcdatamodeld */,
				7D7D11FB238289D600756E2F /* StaggeredGridCell.swift */,
			);
			path = StaggeredGrid;
			sourceTree = "<group>";
		};
		7D56BF4F23815A64009D44DE /* Controllers */ = {
			isa = PBXGroup;
			children = (
			);
			path = Controllers;
			sourceTree = "<group>";
		};
		7D56BF5023815B55009D44DE /* Layouts */ = {
			isa = PBXGroup;
			children = (
			);
			path = Layouts;
			sourceTree = "<group>";
		};
/* End PBXGroup section */

/* Begin PBXNativeTarget section */
		7D56BF34238159F8009D44DE /* StaggeredGrid */ = {
			isa = PBXNativeTarget;
			buildConfigurationList = 7D56BF4C238159FE009D44DE /* Build configuration list for PBXNativeTarget "StaggeredGrid" */;
			buildPhases = (
				7D56BF31238159F8009D44DE /* Sources */,
				7D56BF32238159F8009D44DE /* Frameworks */,
				7D56BF33238159F8009D44DE /* Resources */,
			);
			buildRules = (
			);
			dependencies = (
			);
			name = StaggeredGrid;
			productName = StaggeredGrid;
			productReference = 7D56BF35238159F8009D44DE /* StaggeredGrid.app */;
			productType = "com.apple.product-type.application";
		};
/* End PBXNativeTarget section */

/* Begin PBXProject section */
		7D56BF2D238159F8009D44DE /* Project object */ = {
			isa = PBXProject;
			attributes = {
				LastSwiftUpdateCheck = 1120;
				LastUpgradeCheck = 1120;
				ORGANIZATIONNAME = ManjeetKumar;
				TargetAttributes = {
					7D56BF34238159F8009D44DE = {
						CreatedOnToolsVersion = 11.2.1;
					};
				};
			};
			buildConfigurationList = 7D56BF30238159F8009D44DE /* Build configuration list for PBXProject "StaggeredGrid" */;
			compatibilityVersion = "Xcode 9.3";
			developmentRegion = en;
			hasScannedForEncodings = 0;
			knownRegions = (
				en,
				Base,
			);
			mainGroup = 7D56BF2C238159F8009D44DE;
			productRefGroup = 7D56BF36238159F8009D44DE /* Products */;
			projectDirPath = "";
			projectRoot = "";
			targets = (
				7D56BF34238159F8009D44DE /* StaggeredGrid */,
			);
		};
/* End PBXProject section */

/* Begin PBXResourcesBuildPhase section */
		7D56BF33238159F8009D44DE /* Resources */ = {
			isa = PBXResourcesBuildPhase;
			buildActionMask = 2147483647;
			files = (
				7D56BF48238159FE009D44DE /* LaunchScreen.storyboard in Resources */,
				7D56BF45238159FE009D44DE /* Assets.xcassets in Resources */,
				7D56BF40238159F8009D44DE /* Main.storyboard in Resources */,
			);
			runOnlyForDeploymentPostprocessing = 0;
		};
/* End PBXResourcesBuildPhase section */

/* Begin PBXSourcesBuildPhase section */
		7D56BF31238159F8009D44DE /* Sources */ = {
			isa = PBXSourcesBuildPhase;
			buildActionMask = 2147483647;
			files = (
				7D56BF5223815B8B009D44DE /* StaggeredGridLayout.swift in Sources */,
				7D56BF3D238159F8009D44DE /* ViewController.swift in Sources */,
				7D56BF39238159F8009D44DE /* AppDelegate.swift in Sources */,
				7D56BF43238159F8009D44DE /* StaggeredGrid.xcdatamodeld in Sources */,
				7D7D11FC238289D600756E2F /* StaggeredGridCell.swift in Sources */,
				7D56BF3B238159F8009D44DE /* SceneDelegate.swift in Sources */,
			);
			runOnlyForDeploymentPostprocessing = 0;
		};
/* End PBXSourcesBuildPhase section */

/* Begin PBXVariantGroup section */
		7D56BF3E238159F8009D44DE /* Main.storyboard */ = {
			isa = PBXVariantGroup;
			children = (
				7D56BF3F238159F8009D44DE /* Base */,
			);
			name = Main.storyboard;
			sourceTree = "<group>";
		};
		7D56BF46238159FE009D44DE /* LaunchScreen.storyboard */ = {
			isa = PBXVariantGroup;
			children = (
				7D56BF47238159FE009D44DE /* Base */,
			);
			name = LaunchScreen.storyboard;
			sourceTree = "<group>";
		};
/* End PBXVariantGroup section */

/* Begin XCBuildConfiguration section */
		7D56BF4A238159FE009D44DE /* Debug */ = {
			isa = XCBuildConfiguration;
			buildSettings = {
				ALWAYS_SEARCH_USER_PATHS = NO;
				CLANG_ANALYZER_NONNULL = YES;
				CLANG_ANALYZER_NUMBER_OBJECT_CONVERSION = YES_AGGRESSIVE;
				CLANG_CXX_LANGUAGE_STANDARD = "gnu++14";
				CLANG_CXX_LIBRARY = "libc++";
				CLANG_ENABLE_MODULES = YES;
				CLANG_ENABLE_OBJC_ARC = YES;
				CLANG_ENABLE_OBJC_WEAK = YES;
				CLANG_WARN_BLOCK_CAPTURE_AUTORELEASING = YES;
				CLANG_WARN_BOOL_CONVERSION = YES;
				CLANG_WARN_COMMA = YES;
				CLANG_WARN_CONSTANT_CONVERSION = YES;
				CLANG_WARN_DEPRECATED_OBJC_IMPLEMENTATIONS = YES;
				CLANG_WARN_DIRECT_OBJC_ISA_USAGE = YES_ERROR;
				CLANG_WARN_DOCUMENTATION_COMMENTS = YES;
				CLANG_WARN_EMPTY_BODY = YES;
				CLANG_WARN_ENUM_CONVERSION = YES;
				CLANG_WARN_INFINITE_RECURSION = YES;
				CLANG_WARN_INT_CONVERSION = YES;
				CLANG_WARN_NON_LITERAL_NULL_CONVERSION = YES;
				CLANG_WARN_OBJC_IMPLICIT_RETAIN_SELF = YES;
				CLANG_WARN_OBJC_LITERAL_CONVERSION = YES;
				CLANG_WARN_OBJC_ROOT_CLASS = YES_ERROR;
				CLANG_WARN_RANGE_LOOP_ANALYSIS = YES;
				CLANG_WARN_STRICT_PROTOTYPES = YES;
				CLANG_WARN_SUSPICIOUS_MOVE = YES;
				CLANG_WARN_UNGUARDED_AVAILABILITY = YES_AGGRESSIVE;
				CLANG_WARN_UNREACHABLE_CODE = YES;
				CLANG_WARN__DUPLICATE_METHOD_MATCH = YES;
				COPY_PHASE_STRIP = NO;
				DEBUG_INFORMATION_FORMAT = dwarf;
				ENABLE_STRICT_OBJC_MSGSEND = YES;
				ENABLE_TESTABILITY = YES;
				GCC_C_LANGUAGE_STANDARD = gnu11;
				GCC_DYNAMIC_NO_PIC = NO;
				GCC_NO_COMMON_BLOCKS = YES;
				GCC_OPTIMIZATION_LEVEL = 0;
				GCC_PREPROCESSOR_DEFINITIONS = (
					"DEBUG=1",
					"$(inherited)",
				);
				GCC_WARN_64_TO_32_BIT_CONVERSION = YES;
				GCC_WARN_ABOUT_RETURN_TYPE = YES_ERROR;
				GCC_WARN_UNDECLARED_SELECTOR = YES;
				GCC_WARN_UNINITIALIZED_AUTOS = YES_AGGRESSIVE;
				GCC_WARN_UNUSED_FUNCTION = YES;
				GCC_WARN_UNUSED_VARIABLE = YES;
				IPHONEOS_DEPLOYMENT_TARGET = 13.2;
				MTL_ENABLE_DEBUG_INFO = INCLUDE_SOURCE;
				MTL_FAST_MATH = YES;
				ONLY_ACTIVE_ARCH = YES;
				SDKROOT = iphoneos;
				SWIFT_ACTIVE_COMPILATION_CONDITIONS = DEBUG;
				SWIFT_OPTIMIZATION_LEVEL = "-Onone";
			};
			name = Debug;
		};
		7D56BF4B238159FE009D44DE /* Release */ = {
			isa = XCBuildConfiguration;
			buildSettings = {
				ALWAYS_SEARCH_USER_PATHS = NO;
				CLANG_ANALYZER_NONNULL = YES;
				CLANG_ANALYZER_NUMBER_OBJECT_CONVERSION = YES_AGGRESSIVE;
				CLANG_CXX_LANGUAGE_STANDARD = "gnu++14";
				CLANG_CXX_LIBRARY = "libc++";
				CLANG_ENABLE_MODULES = YES;
				CLANG_ENABLE_OBJC_ARC = YES;
				CLANG_ENABLE_OBJC_WEAK = YES;
				CLANG_WARN_BLOCK_CAPTURE_AUTORELEASING = YES;
				CLANG_WARN_BOOL_CONVERSION = YES;
				CLANG_WARN_COMMA = YES;
				CLANG_WARN_CONSTANT_CONVERSION = YES;
				CLANG_WARN_DEPRECATED_OBJC_IMPLEMENTATIONS = YES;
				CLANG_WARN_DIRECT_OBJC_ISA_USAGE = YES_ERROR;
				CLANG_WARN_DOCUMENTATION_COMMENTS = YES;
				CLANG_WARN_EMPTY_BODY = YES;
				CLANG_WARN_ENUM_CONVERSION = YES;
				CLANG_WARN_INFINITE_RECURSION = YES;
				CLANG_WARN_INT_CONVERSION = YES;
				CLANG_WARN_NON_LITERAL_NULL_CONVERSION = YES;
				CLANG_WARN_OBJC_IMPLICIT_RETAIN_SELF = YES;
				CLANG_WARN_OBJC_LITERAL_CONVERSION = YES;
				CLANG_WARN_OBJC_ROOT_CLASS = YES_ERROR;
				CLANG_WARN_RANGE_LOOP_ANALYSIS = YES;
				CLANG_WARN_STRICT_PROTOTYPES = YES;
				CLANG_WARN_SUSPICIOUS_MOVE = YES;
				CLANG_WARN_UNGUARDED_AVAILABILITY = YES_AGGRESSIVE;
				CLANG_WARN_UNREACHABLE_CODE = YES;
				CLANG_WARN__DUPLICATE_METHOD_MATCH = YES;
				COPY_PHASE_STRIP = NO;
				DEBUG_INFORMATION_FORMAT = "dwarf-with-dsym";
				ENABLE_NS_ASSERTIONS = NO;
				ENABLE_STRICT_OBJC_MSGSEND = YES;
				GCC_C_LANGUAGE_STANDARD = gnu11;
				GCC_NO_COMMON_BLOCKS = YES;
				GCC_WARN_64_TO_32_BIT_CONVERSION = YES;
				GCC_WARN_ABOUT_RETURN_TYPE = YES_ERROR;
				GCC_WARN_UNDECLARED_SELECTOR = YES;
				GCC_WARN_UNINITIALIZED_AUTOS = YES_AGGRESSIVE;
				GCC_WARN_UNUSED_FUNCTION = YES;
				GCC_WARN_UNUSED_VARIABLE = YES;
				IPHONEOS_DEPLOYMENT_TARGET = 13.2;
				MTL_ENABLE_DEBUG_INFO = NO;
				MTL_FAST_MATH = YES;
				SDKROOT = iphoneos;
				SWIFT_COMPILATION_MODE = wholemodule;
				SWIFT_OPTIMIZATION_LEVEL = "-O";
				VALIDATE_PRODUCT = YES;
			};
			name = Release;
		};
		7D56BF4D238159FE009D44DE /* Debug */ = {
			isa = XCBuildConfiguration;
			buildSettings = {
				ASSETCATALOG_COMPILER_APPICON_NAME = AppIcon;
				CODE_SIGN_STYLE = Automatic;
				DEVELOPMENT_TEAM = 2U6D75KMDU;
				INFOPLIST_FILE = StaggeredGrid/Info.plist;
				LD_RUNPATH_SEARCH_PATHS = (
					"$(inherited)",
					"@executable_path/Frameworks",
				);
				PRODUCT_BUNDLE_IDENTIFIER = mkumar.StaggeredGrid;
				PRODUCT_NAME = "$(TARGET_NAME)";
				SWIFT_VERSION = 5.0;
				TARGETED_DEVICE_FAMILY = "1,2";
			};
			name = Debug;
		};
		7D56BF4E238159FE009D44DE /* Release */ = {
			isa = XCBuildConfiguration;
			buildSettings = {
				ASSETCATALOG_COMPILER_APPICON_NAME = AppIcon;
				CODE_SIGN_STYLE = Automatic;
				DEVELOPMENT_TEAM = 2U6D75KMDU;
				INFOPLIST_FILE = StaggeredGrid/Info.plist;
				LD_RUNPATH_SEARCH_PATHS = (
					"$(inherited)",
					"@executable_path/Frameworks",
				);
				PRODUCT_BUNDLE_IDENTIFIER = mkumar.StaggeredGrid;
				PRODUCT_NAME = "$(TARGET_NAME)";
				SWIFT_VERSION = 5.0;
				TARGETED_DEVICE_FAMILY = "1,2";
			};
			name = Release;
		};
/* End XCBuildConfiguration section */

/* Begin XCConfigurationList section */
		7D56BF30238159F8009D44DE /* Build configuration list for PBXProject "StaggeredGrid" */ = {
			isa = XCConfigurationList;
			buildConfigurations = (
				7D56BF4A238159FE009D44DE /* Debug */,
				7D56BF4B238159FE009D44DE /* Release */,
			);
			defaultConfigurationIsVisible = 0;
			defaultConfigurationName = Release;
		};
		7D56BF4C238159FE009D44DE /* Build configuration list for PBXNativeTarget "StaggeredGrid" */ = {
			isa = XCConfigurationList;
			buildConfigurations = (
				7D56BF4D238159FE009D44DE /* Debug */,
				7D56BF4E238159FE009D44DE /* Release */,
			);
			defaultConfigurationIsVisible = 0;
			defaultConfigurationName = Release;
		};
/* End XCConfigurationList section */

/* Begin XCVersionGroup section */
		7D56BF41238159F8009D44DE /* StaggeredGrid.xcdatamodeld */ = {
			isa = XCVersionGroup;
			children = (
				7D56BF42238159F8009D44DE /* StaggeredGrid.xcdatamodel */,
			);
			currentVersion = 7D56BF42238159F8009D44DE /* StaggeredGrid.xcdatamodel */;
			path = StaggeredGrid.xcdatamodeld;
			sourceTree = "<group>";
			versionGroupType = wrapper.xcdatamodel;
		};
/* End XCVersionGroup section */
	};
	rootObject = 7D56BF2D238159F8009D44DE /* Project object */;
}
